
Microsoft Visual Studio Solution File, Format Version 12.00
# Visual Studio Version 16
VisualStudioVersion = 16.0.31410.357
MinimumVisualStudioVersion = 10.0.40219.1
Project("{FAE04EC0-301F-11D3-BF4B-00C04F79EFBC}") = "OrionZadatak", "OrionZadatak\OrionZadatak.csproj", "{239DD649-62F9-4280-A72D-1BAB173B6B09}"
EndProject
Global
	GlobalSection(SolutionConfigurationPlatforms) = preSolution
		Debug|Any CPU = Debug|Any CPU
		Release|Any CPU = Release|Any CPU
	EndGlobalSection
	GlobalSection(ProjectConfigurationPlatforms) = postSolution
		{239DD649-62F9-4280-A72D-1BAB173B6B09}.Debug|Any CPU.ActiveCfg = Debug|Any CPU
		{239DD649-62F9-4280-A72D-1BAB173B6B09}.Debug|Any CPU.Build.0 = Debug|Any CPU
		{239DD649-62F9-4280-A72D-1BAB173B6B09}.Release|Any CPU.ActiveCfg = Release|Any CPU
		{239DD649-62F9-4280-A72D-1BAB173B6B09}.Release|Any CPU.Build.0 = Release|Any CPU
	EndGlobalSection
	GlobalSection(SolutionProperties) = preSolution
		HideSolutionNode = FALSE
	EndGlobalSection
	GlobalSection(ExtensibilityGlobals) = postSolution
		SolutionGuid = {BE290C02-F94D-47D6-AE5D-BD9ED1BCC38F}
	EndGlobalSection
EndGlobal
